
Microsoft Visual Studio Solution File, Format Version 12.00
# Visual Studio 15
VisualStudioVersion = 15.0.28010.2048
MinimumVisualStudioVersion = 10.0.40219.1
Project("{FAE04EC0-301F-11D3-BF4B-00C04F79EFBC}") = "Wykop Crawler", "Wykop Crawler\Wykop Crawler.csproj", "{EE67E1B1-467A-4212-85BF-C543053FD78B}"
EndProject
Global
	GlobalSection(SolutionConfigurationPlatforms) = preSolution
		Debug|Any CPU = Debug|Any CPU
		Release|Any CPU = Release|Any CPU
	EndGlobalSection
	GlobalSection(ProjectConfigurationPlatforms) = postSolution
		{EE67E1B1-467A-4212-85BF-C543053FD78B}.Debug|Any CPU.ActiveCfg = Debug|Any CPU
		{EE67E1B1-467A-4212-85BF-C543053FD78B}.Debug|Any CPU.Build.0 = Debug|Any CPU
		{EE67E1B1-467A-4212-85BF-C543053FD78B}.Release|Any CPU.ActiveCfg = Release|Any CPU
		{EE67E1B1-467A-4212-85BF-C543053FD78B}.Release|Any CPU.Build.0 = Release|Any CPU
	EndGlobalSection
	GlobalSection(SolutionProperties) = preSolution
		HideSolutionNode = FALSE
	EndGlobalSection
	GlobalSection(ExtensibilityGlobals) = postSolution
		SolutionGuid = {78F0245E-0ECD-49A0-9297-5DEBA245C830}
	EndGlobalSection
EndGlobal
